
Microsoft Visual Studio Solution File, Format Version 12.00
# Visual Studio 15
VisualStudioVersion = 15.0.26127.3
MinimumVisualStudioVersion = 10.0.40219.1
Project("{2150E333-8FDC-42A3-9474-1A3956D46DE8}") = "1 - Presentation", "1 - Presentation", "{418695A7-9482-4EC4-8F22-38A40B7F7C3D}"
EndProject
Project("{2150E333-8FDC-42A3-9474-1A3956D46DE8}") = "2 - Services", "2 - Services", "{B6228DA6-1105-4683-B847-186E32AEBD3D}"
EndProject
Project("{2150E333-8FDC-42A3-9474-1A3956D46DE8}") = "3 - Application", "3 - Application", "{CBBB2ADA-C565-4DA5-BA0C-8AB900222A25}"
EndProject
Project("{2150E333-8FDC-42A3-9474-1A3956D46DE8}") = "4 - Domain", "4 - Domain", "{65827DAE-E5B7-425B-B5C2-C885F4D5FF08}"
EndProject
Project("{2150E333-8FDC-42A3-9474-1A3956D46DE8}") = "5 - Infra", "5 - Infra", "{4530E15E-173B-46D7-81C2-1325B207F589}"
EndProject
Project("{2150E333-8FDC-42A3-9474-1A3956D46DE8}") = "5.1 - Data", "5.1 - Data", "{B6CD249B-5D46-4B9A-B375-62FAD9F7C1EF}"
EndProject
Project("{2150E333-8FDC-42A3-9474-1A3956D46DE8}") = "5.2 - CrossCutting", "5.2 - CrossCutting", "{C1F1AECB-64BD-4A65-BA74-E88D5B6A8CE5}"
EndProject
Project("{9A19103F-16F7-4668-BE54-9A1E7A4F7556}") = "Eventos.IO.Domain", "src\Eventos.IO.Domain\Eventos.IO.Domain.csproj", "{5C3DE0AB-809E-422F-A8EC-8E939EA0C58B}"
EndProject
Project("{9A19103F-16F7-4668-BE54-9A1E7A4F7556}") = "Eventos.IO.Domain.Core", "src\Eventos.IO.Domain.Core\Eventos.IO.Domain.Core.csproj", "{C67704CE-D109-456B-9928-D6010CE2B39F}"
EndProject
Project("{9A19103F-16F7-4668-BE54-9A1E7A4F7556}") = "ConsoleTesting", "src\ConsoleTesting\ConsoleTesting.csproj", "{DA16D598-1D98-46B8-A6DC-BE109F7E165A}"
EndProject
Global
	GlobalSection(SolutionConfigurationPlatforms) = preSolution
		Debug|Any CPU = Debug|Any CPU
		Debug|x64 = Debug|x64
		Debug|x86 = Debug|x86
		Release|Any CPU = Release|Any CPU
		Release|x64 = Release|x64
		Release|x86 = Release|x86
	EndGlobalSection
	GlobalSection(ProjectConfigurationPlatforms) = postSolution
		{5C3DE0AB-809E-422F-A8EC-8E939EA0C58B}.Debug|Any CPU.ActiveCfg = Debug|Any CPU
		{5C3DE0AB-809E-422F-A8EC-8E939EA0C58B}.Debug|Any CPU.Build.0 = Debug|Any CPU
		{5C3DE0AB-809E-422F-A8EC-8E939EA0C58B}.Debug|x64.ActiveCfg = Debug|Any CPU
		{5C3DE0AB-809E-422F-A8EC-8E939EA0C58B}.Debug|x64.Build.0 = Debug|Any CPU
		{5C3DE0AB-809E-422F-A8EC-8E939EA0C58B}.Debug|x86.ActiveCfg = Debug|Any CPU
		{5C3DE0AB-809E-422F-A8EC-8E939EA0C58B}.Debug|x86.Build.0 = Debug|Any CPU
		{5C3DE0AB-809E-422F-A8EC-8E939EA0C58B}.Release|Any CPU.ActiveCfg = Release|Any CPU
		{5C3DE0AB-809E-422F-A8EC-8E939EA0C58B}.Release|Any CPU.Build.0 = Release|Any CPU
		{5C3DE0AB-809E-422F-A8EC-8E939EA0C58B}.Release|x64.ActiveCfg = Release|Any CPU
		{5C3DE0AB-809E-422F-A8EC-8E939EA0C58B}.Release|x64.Build.0 = Release|Any CPU
		{5C3DE0AB-809E-422F-A8EC-8E939EA0C58B}.Release|x86.ActiveCfg = Release|Any CPU
		{5C3DE0AB-809E-422F-A8EC-8E939EA0C58B}.Release|x86.Build.0 = Release|Any CPU
		{C67704CE-D109-456B-9928-D6010CE2B39F}.Debug|Any CPU.ActiveCfg = Debug|Any CPU
		{C67704CE-D109-456B-9928-D6010CE2B39F}.Debug|Any CPU.Build.0 = Debug|Any CPU
		{C67704CE-D109-456B-9928-D6010CE2B39F}.Debug|x64.ActiveCfg = Debug|Any CPU
		{C67704CE-D109-456B-9928-D6010CE2B39F}.Debug|x64.Build.0 = Debug|Any CPU
		{C67704CE-D109-456B-9928-D6010CE2B39F}.Debug|x86.ActiveCfg = Debug|Any CPU
		{C67704CE-D109-456B-9928-D6010CE2B39F}.Debug|x86.Build.0 = Debug|Any CPU
		{C67704CE-D109-456B-9928-D6010CE2B39F}.Release|Any CPU.ActiveCfg = Release|Any CPU
		{C67704CE-D109-456B-9928-D6010CE2B39F}.Release|Any CPU.Build.0 = Release|Any CPU
		{C67704CE-D109-456B-9928-D6010CE2B39F}.Release|x64.ActiveCfg = Release|Any CPU
		{C67704CE-D109-456B-9928-D6010CE2B39F}.Release|x64.Build.0 = Release|Any CPU
		{C67704CE-D109-456B-9928-D6010CE2B39F}.Release|x86.ActiveCfg = Release|Any CPU
		{C67704CE-D109-456B-9928-D6010CE2B39F}.Release|x86.Build.0 = Release|Any CPU
		{DA16D598-1D98-46B8-A6DC-BE109F7E165A}.Debug|Any CPU.ActiveCfg = Debug|Any CPU
		{DA16D598-1D98-46B8-A6DC-BE109F7E165A}.Debug|Any CPU.Build.0 = Debug|Any CPU
		{DA16D598-1D98-46B8-A6DC-BE109F7E165A}.Debug|x64.ActiveCfg = Debug|Any CPU
		{DA16D598-1D98-46B8-A6DC-BE109F7E165A}.Debug|x64.Build.0 = Debug|Any CPU
		{DA16D598-1D98-46B8-A6DC-BE109F7E165A}.Debug|x86.ActiveCfg = Debug|Any CPU
		{DA16D598-1D98-46B8-A6DC-BE109F7E165A}.Debug|x86.Build.0 = Debug|Any CPU
		{DA16D598-1D98-46B8-A6DC-BE109F7E165A}.Release|Any CPU.ActiveCfg = Release|Any CPU
		{DA16D598-1D98-46B8-A6DC-BE109F7E165A}.Release|Any CPU.Build.0 = Release|Any CPU
		{DA16D598-1D98-46B8-A6DC-BE109F7E165A}.Release|x64.ActiveCfg = Release|Any CPU
		{DA16D598-1D98-46B8-A6DC-BE109F7E165A}.Release|x64.Build.0 = Release|Any CPU
		{DA16D598-1D98-46B8-A6DC-BE109F7E165A}.Release|x86.ActiveCfg = Release|Any CPU
		{DA16D598-1D98-46B8-A6DC-BE109F7E165A}.Release|x86.Build.0 = Release|Any CPU
	EndGlobalSection
	GlobalSection(SolutionProperties) = preSolution
		HideSolutionNode = FALSE
	EndGlobalSection
	GlobalSection(NestedProjects) = preSolution
		{B6CD249B-5D46-4B9A-B375-62FAD9F7C1EF} = {4530E15E-173B-46D7-81C2-1325B207F589}
		{C1F1AECB-64BD-4A65-BA74-E88D5B6A8CE5} = {4530E15E-173B-46D7-81C2-1325B207F589}
		{5C3DE0AB-809E-422F-A8EC-8E939EA0C58B} = {65827DAE-E5B7-425B-B5C2-C885F4D5FF08}
		{C67704CE-D109-456B-9928-D6010CE2B39F} = {65827DAE-E5B7-425B-B5C2-C885F4D5FF08}
		{DA16D598-1D98-46B8-A6DC-BE109F7E165A} = {65827DAE-E5B7-425B-B5C2-C885F4D5FF08}
	EndGlobalSection
	GlobalSection(ExtensibilityGlobals) = postSolution
		SolutionGuid = {25FD2C6D-F7F6-47B5-96EE-C97B5339F34A}
	EndGlobalSection
EndGlobal
